
Microsoft Visual Studio Solution File, Format Version 12.00
Project("{F2A71F9B-5D33-465A-A702-920D77279786}") = "OpenDiffix.Core", "src\OpenDiffix.Core\OpenDiffix.Core.fsproj", "{5BEB2CD3-83F2-4439-898E-7CC7DB57DE68}"
EndProject
Project("{F2A71F9B-5D33-465A-A702-920D77279786}") = "OpenDiffix.Core.Tests", "src\OpenDiffix.Core.Tests\OpenDiffix.Core.Tests.fsproj", "{41735A1A-EB83-4372-A563-3307FACBB5FF}"
EndProject
Project("{F2A71F9B-5D33-465A-A702-920D77279786}") = "OpenDiffix.CLI", "src\OpenDiffix.CLI\OpenDiffix.CLI.fsproj", "{62F75DA8-12D4-4FFA-B778-E0DFD77F6AC8}"
EndProject
Project("{F2A71F9B-5D33-465A-A702-920D77279786}") = "Website.Server", "src\Website.Server\Website.Server.fsproj", "{6EDC4034-CD6D-4420-87C4-9A563FF46021}"
EndProject
Project("{F2A71F9B-5D33-465A-A702-920D77279786}") = "Website.Client", "src\Website.Client\Website.Client.fsproj", "{FBB40D98-718D-4BA4-A84D-F3C2F5A3E6C6}"
EndProject
Global
	GlobalSection(SolutionConfigurationPlatforms) = preSolution
		Debug|Any CPU = Debug|Any CPU
		Release|Any CPU = Release|Any CPU
	EndGlobalSection
	GlobalSection(ProjectConfigurationPlatforms) = postSolution
		{5BEB2CD3-83F2-4439-898E-7CC7DB57DE68}.Debug|Any CPU.ActiveCfg = Debug|Any CPU
		{5BEB2CD3-83F2-4439-898E-7CC7DB57DE68}.Debug|Any CPU.Build.0 = Debug|Any CPU
		{5BEB2CD3-83F2-4439-898E-7CC7DB57DE68}.Release|Any CPU.ActiveCfg = Release|Any CPU
		{5BEB2CD3-83F2-4439-898E-7CC7DB57DE68}.Release|Any CPU.Build.0 = Release|Any CPU
		{41735A1A-EB83-4372-A563-3307FACBB5FF}.Debug|Any CPU.ActiveCfg = Debug|Any CPU
		{41735A1A-EB83-4372-A563-3307FACBB5FF}.Debug|Any CPU.Build.0 = Debug|Any CPU
		{41735A1A-EB83-4372-A563-3307FACBB5FF}.Release|Any CPU.ActiveCfg = Release|Any CPU
		{41735A1A-EB83-4372-A563-3307FACBB5FF}.Release|Any CPU.Build.0 = Release|Any CPU
		{62F75DA8-12D4-4FFA-B778-E0DFD77F6AC8}.Debug|Any CPU.ActiveCfg = Debug|Any CPU
		{62F75DA8-12D4-4FFA-B778-E0DFD77F6AC8}.Debug|Any CPU.Build.0 = Debug|Any CPU
		{62F75DA8-12D4-4FFA-B778-E0DFD77F6AC8}.Release|Any CPU.ActiveCfg = Release|Any CPU
		{62F75DA8-12D4-4FFA-B778-E0DFD77F6AC8}.Release|Any CPU.Build.0 = Release|Any CPU
		{6EDC4034-CD6D-4420-87C4-9A563FF46021}.Debug|Any CPU.ActiveCfg = Debug|Any CPU
		{6EDC4034-CD6D-4420-87C4-9A563FF46021}.Debug|Any CPU.Build.0 = Debug|Any CPU
		{6EDC4034-CD6D-4420-87C4-9A563FF46021}.Release|Any CPU.ActiveCfg = Release|Any CPU
		{6EDC4034-CD6D-4420-87C4-9A563FF46021}.Release|Any CPU.Build.0 = Release|Any CPU
		{FBB40D98-718D-4BA4-A84D-F3C2F5A3E6C6}.Debug|Any CPU.ActiveCfg = Debug|Any CPU
		{FBB40D98-718D-4BA4-A84D-F3C2F5A3E6C6}.Debug|Any CPU.Build.0 = Debug|Any CPU
		{FBB40D98-718D-4BA4-A84D-F3C2F5A3E6C6}.Release|Any CPU.ActiveCfg = Release|Any CPU
		{FBB40D98-718D-4BA4-A84D-F3C2F5A3E6C6}.Release|Any CPU.Build.0 = Release|Any CPU
	EndGlobalSection
EndGlobal
